
Microsoft Visual Studio Solution File, Format Version 12.00
# Visual Studio Version 16
VisualStudioVersion = 16.0.31424.327
MinimumVisualStudioVersion = 10.0.40219.1
Project("{FAE04EC0-301F-11D3-BF4B-00C04F79EFBC}") = "InvertoryDataManagement", "InvertoryDataManagement\InvertoryDataManagement.csproj", "{953CC785-B732-4F7A-A94A-1D493E31D9DA}"
EndProject
Global
	GlobalSection(SolutionConfigurationPlatforms) = preSolution
		Debug|Any CPU = Debug|Any CPU
		Release|Any CPU = Release|Any CPU
	EndGlobalSection
	GlobalSection(ProjectConfigurationPlatforms) = postSolution
		{953CC785-B732-4F7A-A94A-1D493E31D9DA}.Debug|Any CPU.ActiveCfg = Debug|Any CPU
		{953CC785-B732-4F7A-A94A-1D493E31D9DA}.Debug|Any CPU.Build.0 = Debug|Any CPU
		{953CC785-B732-4F7A-A94A-1D493E31D9DA}.Release|Any CPU.ActiveCfg = Release|Any CPU
		{953CC785-B732-4F7A-A94A-1D493E31D9DA}.Release|Any CPU.Build.0 = Release|Any CPU
	EndGlobalSection
	GlobalSection(SolutionProperties) = preSolution
		HideSolutionNode = FALSE
	EndGlobalSection
	GlobalSection(ExtensibilityGlobals) = postSolution
		SolutionGuid = {0A08A924-7CA5-4088-99EA-6D439A72C529}
	EndGlobalSection
EndGlobal
